// !$*UTF8*$!
{
	archiveVersion = 1;
	classes = {
	};
	objectVersion = 48;
	objects = {

/* Begin PBXBuildFile section */
		611876C9208EE86000A0B45F /* SearchRepositoryViewDataSource.swift in Sources */ = {isa = PBXBuildFile; fileRef = 611876C8208EE86000A0B45F /* SearchRepositoryViewDataSource.swift */; };
		611876CB208EF06600A0B45F /* UITableViewExtension.swift in Sources */ = {isa = PBXBuildFile; fileRef = 611876CA208EF06600A0B45F /* UITableViewExtension.swift */; };
		611876CF208EF27E00A0B45F /* NSObjectProtocolExtension.swift in Sources */ = {isa = PBXBuildFile; fileRef = 611876CE208EF27E00A0B45F /* NSObjectProtocolExtension.swift */; };
		611876D1208EF33E00A0B45F /* Nibable.swift in Sources */ = {isa = PBXBuildFile; fileRef = 611876D0208EF33E00A0B45F /* Nibable.swift */; };
		611876D3208F53E200A0B45F /* Reusable.swift in Sources */ = {isa = PBXBuildFile; fileRef = 611876D2208F53E200A0B45F /* Reusable.swift */; };
		611876D5208F550800A0B45F /* CellNibable.swift in Sources */ = {isa = PBXBuildFile; fileRef = 611876D4208F550800A0B45F /* CellNibable.swift */; };
		612CA15E208470990030683F /* SearchRepositoryCell.swift in Sources */ = {isa = PBXBuildFile; fileRef = 612CA15D208470990030683F /* SearchRepositoryCell.swift */; };
		612CA160208470B90030683F /* SearchRepositoryCell.xib in Resources */ = {isa = PBXBuildFile; fileRef = 612CA15F208470B90030683F /* SearchRepositoryCell.xib */; };
		613885D8206BD449004B7C56 /* SearchRepositoryBar.swift in Sources */ = {isa = PBXBuildFile; fileRef = 613885D7206BD449004B7C56 /* SearchRepositoryBar.swift */; };
		613885DC206BD47E004B7C56 /* SearchRepositoryViewModel.swift in Sources */ = {isa = PBXBuildFile; fileRef = 613885DB206BD47E004B7C56 /* SearchRepositoryViewModel.swift */; };
		619C779220948115004ED484 /* Kingfisher.framework in Frameworks */ = {isa = PBXBuildFile; fileRef = 619C778F20948114004ED484 /* Kingfisher.framework */; };
		619C779320948115004ED484 /* RxDataSources.framework in Frameworks */ = {isa = PBXBuildFile; fileRef = 619C779020948114004ED484 /* RxDataSources.framework */; };
		619C779420948115004ED484 /* Differentiator.framework in Frameworks */ = {isa = PBXBuildFile; fileRef = 619C779120948114004ED484 /* Differentiator.framework */; };
		61DE4EDE2077262E009B0A17 /* KeyboardObserver.swift in Sources */ = {isa = PBXBuildFile; fileRef = 61DE4EDD2077262E009B0A17 /* KeyboardObserver.swift */; };
		61DE4EE0207741BC009B0A17 /* OptionalExtension.swift in Sources */ = {isa = PBXBuildFile; fileRef = 61DE4EDF207741BC009B0A17 /* OptionalExtension.swift */; };
		61DE4EE22077425C009B0A17 /* ObservableExtension.swift in Sources */ = {isa = PBXBuildFile; fileRef = 61DE4EE12077425C009B0A17 /* ObservableExtension.swift */; };
		61DE4EE4207772C6009B0A17 /* Cartfile in Resources */ = {isa = PBXBuildFile; fileRef = 61DE4EE3207772C6009B0A17 /* Cartfile */; };
		61F2BA1A2069EE0800A208D7 /* GitHubSampleTests.swift in Sources */ = {isa = PBXBuildFile; fileRef = 61F2BA192069EE0800A208D7 /* GitHubSampleTests.swift */; };
		61F2BA252069EE0900A208D7 /* GitHubSampleUITests.swift in Sources */ = {isa = PBXBuildFile; fileRef = 61F2BA242069EE0900A208D7 /* GitHubSampleUITests.swift */; };
		61F2BA372069F25000A208D7 /* Result.framework in Frameworks */ = {isa = PBXBuildFile; fileRef = 61F2BA332069F25000A208D7 /* Result.framework */; };
		61F2BA382069F25000A208D7 /* RxCocoa.framework in Frameworks */ = {isa = PBXBuildFile; fileRef = 61F2BA342069F25000A208D7 /* RxCocoa.framework */; };
		61F2BA392069F25000A208D7 /* APIKit.framework in Frameworks */ = {isa = PBXBuildFile; fileRef = 61F2BA352069F25000A208D7 /* APIKit.framework */; };
		61F2BA3A2069F25000A208D7 /* RxSwift.framework in Frameworks */ = {isa = PBXBuildFile; fileRef = 61F2BA362069F25000A208D7 /* RxSwift.framework */; };
		61F2BA472069F9A500A208D7 /* Assets.xcassets in Resources */ = {isa = PBXBuildFile; fileRef = 61F2BA3E2069F9A500A208D7 /* Assets.xcassets */; };
		61F2BA482069F9A500A208D7 /* AppDelegate.swift in Sources */ = {isa = PBXBuildFile; fileRef = 61F2BA432069F9A500A208D7 /* AppDelegate.swift */; };
		61F2BA4D2069FA9800A208D7 /* SearchRepositoryViewController.swift in Sources */ = {isa = PBXBuildFile; fileRef = 61F2BA4C2069FA9800A208D7 /* SearchRepositoryViewController.swift */; };
		61F2BA4F2069FAAC00A208D7 /* SearchRepositoryViewController.storyboard in Resources */ = {isa = PBXBuildFile; fileRef = 61F2BA4E2069FAAC00A208D7 /* SearchRepositoryViewController.storyboard */; };
		61F2BA512069FAFF00A208D7 /* LaunchScreen.storyboard in Resources */ = {isa = PBXBuildFile; fileRef = 61F2BA502069FAFF00A208D7 /* LaunchScreen.storyboard */; };
		61F2BA5A2069FE4400A208D7 /* DecodableDataParser.swift in Sources */ = {isa = PBXBuildFile; fileRef = 61F2BA592069FE4400A208D7 /* DecodableDataParser.swift */; };
		61F2BA5C2069FEA000A208D7 /* Repository.swift in Sources */ = {isa = PBXBuildFile; fileRef = 61F2BA5B2069FEA000A208D7 /* Repository.swift */; };
		61F2BA5E206A393E00A208D7 /* GitHubAPI.swift in Sources */ = {isa = PBXBuildFile; fileRef = 61F2BA5D206A393E00A208D7 /* GitHubAPI.swift */; };
		61F2BA60206A429A00A208D7 /* SearchRepositoriesResponse.swift in Sources */ = {isa = PBXBuildFile; fileRef = 61F2BA5F206A429A00A208D7 /* SearchRepositoriesResponse.swift */; };
		61F2BA62206A42CF00A208D7 /* GitHubRequest.swift in Sources */ = {isa = PBXBuildFile; fileRef = 61F2BA61206A42CF00A208D7 /* GitHubRequest.swift */; };
		61F2BA64206A5C2A00A208D7 /* SessionExtension.swift in Sources */ = {isa = PBXBuildFile; fileRef = 61F2BA63206A5C2A00A208D7 /* SessionExtension.swift */; };
		61F51462208C68EA00A2A0AE /* UIColorExtension.swift in Sources */ = {isa = PBXBuildFile; fileRef = 61F51461208C68EA00A2A0AE /* UIColorExtension.swift */; };
/* End PBXBuildFile section */

/* Begin PBXContainerItemProxy section */
		61F2BA162069EE0800A208D7 /* PBXContainerItemProxy */ = {
			isa = PBXContainerItemProxy;
			containerPortal = 61F2B9F92069EE0800A208D7 /* Project object */;
			proxyType = 1;
			remoteGlobalIDString = 61F2BA002069EE0800A208D7;
			remoteInfo = GitHubSample;
		};
		61F2BA212069EE0900A208D7 /* PBXContainerItemProxy */ = {
			isa = PBXContainerItemProxy;
			containerPortal = 61F2B9F92069EE0800A208D7 /* Project object */;
			proxyType = 1;
			remoteGlobalIDString = 61F2BA002069EE0800A208D7;
			remoteInfo = GitHubSample;
		};
/* End PBXContainerItemProxy section */

/* Begin PBXFileReference section */
		611876C8208EE86000A0B45F /* SearchRepositoryViewDataSource.swift */ = {isa = PBXFileReference; lastKnownFileType = sourcecode.swift; path = SearchRepositoryViewDataSource.swift; sourceTree = "<group>"; };
		611876CA208EF06600A0B45F /* UITableViewExtension.swift */ = {isa = PBXFileReference; lastKnownFileType = sourcecode.swift; path = UITableViewExtension.swift; sourceTree = "<group>"; };
		611876CE208EF27E00A0B45F /* NSObjectProtocolExtension.swift */ = {isa = PBXFileReference; lastKnownFileType = sourcecode.swift; path = NSObjectProtocolExtension.swift; sourceTree = "<group>"; };
		611876D0208EF33E00A0B45F /* Nibable.swift */ = {isa = PBXFileReference; lastKnownFileType = sourcecode.swift; path = Nibable.swift; sourceTree = "<group>"; };
		611876D2208F53E200A0B45F /* Reusable.swift */ = {isa = PBXFileReference; lastKnownFileType = sourcecode.swift; path = Reusable.swift; sourceTree = "<group>"; };
		611876D4208F550800A0B45F /* CellNibable.swift */ = {isa = PBXFileReference; lastKnownFileType = sourcecode.swift; path = CellNibable.swift; sourceTree = "<group>"; };
		612CA15D208470990030683F /* SearchRepositoryCell.swift */ = {isa = PBXFileReference; lastKnownFileType = sourcecode.swift; path = SearchRepositoryCell.swift; sourceTree = "<group>"; };
		612CA15F208470B90030683F /* SearchRepositoryCell.xib */ = {isa = PBXFileReference; lastKnownFileType = file.xib; path = SearchRepositoryCell.xib; sourceTree = "<group>"; };
		613885D7206BD449004B7C56 /* SearchRepositoryBar.swift */ = {isa = PBXFileReference; lastKnownFileType = sourcecode.swift; path = SearchRepositoryBar.swift; sourceTree = "<group>"; };
		613885DB206BD47E004B7C56 /* SearchRepositoryViewModel.swift */ = {isa = PBXFileReference; lastKnownFileType = sourcecode.swift; path = SearchRepositoryViewModel.swift; sourceTree = "<group>"; };
		619C778F20948114004ED484 /* Kingfisher.framework */ = {isa = PBXFileReference; lastKnownFileType = wrapper.framework; name = Kingfisher.framework; path = Carthage/Build/iOS/Kingfisher.framework; sourceTree = "<group>"; };
		619C779020948114004ED484 /* RxDataSources.framework */ = {isa = PBXFileReference; lastKnownFileType = wrapper.framework; name = RxDataSources.framework; path = Carthage/Build/iOS/RxDataSources.framework; sourceTree = "<group>"; };
		619C779120948114004ED484 /* Differentiator.framework */ = {isa = PBXFileReference; lastKnownFileType = wrapper.framework; name = Differentiator.framework; path = Carthage/Build/iOS/Differentiator.framework; sourceTree = "<group>"; };
		61DE4EDD2077262E009B0A17 /* KeyboardObserver.swift */ = {isa = PBXFileReference; lastKnownFileType = sourcecode.swift; path = KeyboardObserver.swift; sourceTree = "<group>"; };
		61DE4EDF207741BC009B0A17 /* OptionalExtension.swift */ = {isa = PBXFileReference; lastKnownFileType = sourcecode.swift; path = OptionalExtension.swift; sourceTree = "<group>"; };
		61DE4EE12077425C009B0A17 /* ObservableExtension.swift */ = {isa = PBXFileReference; lastKnownFileType = sourcecode.swift; path = ObservableExtension.swift; sourceTree = "<group>"; };
		61DE4EE3207772C6009B0A17 /* Cartfile */ = {isa = PBXFileReference; fileEncoding = 4; lastKnownFileType = text; path = Cartfile; sourceTree = "<group>"; };
		61F2BA012069EE0800A208D7 /* GitHubSample.app */ = {isa = PBXFileReference; explicitFileType = wrapper.application; includeInIndex = 0; path = GitHubSample.app; sourceTree = BUILT_PRODUCTS_DIR; };
		61F2BA152069EE0800A208D7 /* GitHubSampleTests.xctest */ = {isa = PBXFileReference; explicitFileType = wrapper.cfbundle; includeInIndex = 0; path = GitHubSampleTests.xctest; sourceTree = BUILT_PRODUCTS_DIR; };
		61F2BA192069EE0800A208D7 /* GitHubSampleTests.swift */ = {isa = PBXFileReference; lastKnownFileType = sourcecode.swift; path = GitHubSampleTests.swift; sourceTree = "<group>"; };
		61F2BA1B2069EE0800A208D7 /* Info.plist */ = {isa = PBXFileReference; lastKnownFileType = text.plist.xml; path = Info.plist; sourceTree = "<group>"; };
		61F2BA202069EE0900A208D7 /* GitHubSampleUITests.xctest */ = {isa = PBXFileReference; explicitFileType = wrapper.cfbundle; includeInIndex = 0; path = GitHubSampleUITests.xctest; sourceTree = BUILT_PRODUCTS_DIR; };
		61F2BA242069EE0900A208D7 /* GitHubSampleUITests.swift */ = {isa = PBXFileReference; lastKnownFileType = sourcecode.swift; path = GitHubSampleUITests.swift; sourceTree = "<group>"; };
		61F2BA262069EE0900A208D7 /* Info.plist */ = {isa = PBXFileReference; lastKnownFileType = text.plist.xml; path = Info.plist; sourceTree = "<group>"; };
		61F2BA332069F25000A208D7 /* Result.framework */ = {isa = PBXFileReference; lastKnownFileType = wrapper.framework; name = Result.framework; path = Carthage/Build/iOS/Result.framework; sourceTree = "<group>"; };
		61F2BA342069F25000A208D7 /* RxCocoa.framework */ = {isa = PBXFileReference; lastKnownFileType = wrapper.framework; name = RxCocoa.framework; path = Carthage/Build/iOS/RxCocoa.framework; sourceTree = "<group>"; };
		61F2BA352069F25000A208D7 /* APIKit.framework */ = {isa = PBXFileReference; lastKnownFileType = wrapper.framework; name = APIKit.framework; path = Carthage/Build/iOS/APIKit.framework; sourceTree = "<group>"; };
		61F2BA362069F25000A208D7 /* RxSwift.framework */ = {isa = PBXFileReference; lastKnownFileType = wrapper.framework; name = RxSwift.framework; path = Carthage/Build/iOS/RxSwift.framework; sourceTree = "<group>"; };
		61F2BA3E2069F9A500A208D7 /* Assets.xcassets */ = {isa = PBXFileReference; lastKnownFileType = folder.assetcatalog; path = Assets.xcassets; sourceTree = "<group>"; };
		61F2BA432069F9A500A208D7 /* AppDelegate.swift */ = {isa = PBXFileReference; fileEncoding = 4; lastKnownFileType = sourcecode.swift; path = AppDelegate.swift; sourceTree = "<group>"; };
		61F2BA462069F9A500A208D7 /* Info.plist */ = {isa = PBXFileReference; fileEncoding = 4; lastKnownFileType = text.plist.xml; path = Info.plist; sourceTree = "<group>"; };
		61F2BA4C2069FA9800A208D7 /* SearchRepositoryViewController.swift */ = {isa = PBXFileReference; lastKnownFileType = sourcecode.swift; path = SearchRepositoryViewController.swift; sourceTree = "<group>"; };
		61F2BA4E2069FAAC00A208D7 /* SearchRepositoryViewController.storyboard */ = {isa = PBXFileReference; lastKnownFileType = file.storyboard; path = SearchRepositoryViewController.storyboard; sourceTree = "<group>"; };
		61F2BA502069FAFF00A208D7 /* LaunchScreen.storyboard */ = {isa = PBXFileReference; lastKnownFileType = file.storyboard; path = LaunchScreen.storyboard; sourceTree = "<group>"; };
		61F2BA592069FE4400A208D7 /* DecodableDataParser.swift */ = {isa = PBXFileReference; lastKnownFileType = sourcecode.swift; path = DecodableDataParser.swift; sourceTree = "<group>"; };
		61F2BA5B2069FEA000A208D7 /* Repository.swift */ = {isa = PBXFileReference; lastKnownFileType = sourcecode.swift; path = Repository.swift; sourceTree = "<group>"; };
		61F2BA5D206A393E00A208D7 /* GitHubAPI.swift */ = {isa = PBXFileReference; lastKnownFileType = sourcecode.swift; path = GitHubAPI.swift; sourceTree = "<group>"; };
		61F2BA5F206A429A00A208D7 /* SearchRepositoriesResponse.swift */ = {isa = PBXFileReference; lastKnownFileType = sourcecode.swift; path = SearchRepositoriesResponse.swift; sourceTree = "<group>"; };
		61F2BA61206A42CF00A208D7 /* GitHubRequest.swift */ = {isa = PBXFileReference; fileEncoding = 4; lastKnownFileType = sourcecode.swift; path = GitHubRequest.swift; sourceTree = "<group>"; };
		61F2BA63206A5C2A00A208D7 /* SessionExtension.swift */ = {isa = PBXFileReference; lastKnownFileType = sourcecode.swift; path = SessionExtension.swift; sourceTree = "<group>"; };
		61F51461208C68EA00A2A0AE /* UIColorExtension.swift */ = {isa = PBXFileReference; lastKnownFileType = sourcecode.swift; path = UIColorExtension.swift; sourceTree = "<group>"; };
/* End PBXFileReference section */

/* Begin PBXFrameworksBuildPhase section */
		61F2B9FE2069EE0800A208D7 /* Frameworks */ = {
			isa = PBXFrameworksBuildPhase;
			buildActionMask = 2147483647;
			files = (
				619C779220948115004ED484 /* Kingfisher.framework in Frameworks */,
				619C779320948115004ED484 /* RxDataSources.framework in Frameworks */,
				619C779420948115004ED484 /* Differentiator.framework in Frameworks */,
				61F2BA372069F25000A208D7 /* Result.framework in Frameworks */,
				61F2BA382069F25000A208D7 /* RxCocoa.framework in Frameworks */,
				61F2BA392069F25000A208D7 /* APIKit.framework in Frameworks */,
				61F2BA3A2069F25000A208D7 /* RxSwift.framework in Frameworks */,
			);
			runOnlyForDeploymentPostprocessing = 0;
		};
		61F2BA122069EE0800A208D7 /* Frameworks */ = {
			isa = PBXFrameworksBuildPhase;
			buildActionMask = 2147483647;
			files = (
			);
			runOnlyForDeploymentPostprocessing = 0;
		};
		61F2BA1D2069EE0900A208D7 /* Frameworks */ = {
			isa = PBXFrameworksBuildPhase;
			buildActionMask = 2147483647;
			files = (
			);
			runOnlyForDeploymentPostprocessing = 0;
		};
/* End PBXFrameworksBuildPhase section */

/* Begin PBXGroup section */
		61DE4EDC207725EE009B0A17 /* Utilities */ = {
			isa = PBXGroup;
			children = (
				61DE4EDD2077262E009B0A17 /* KeyboardObserver.swift */,
			);
			path = Utilities;
			sourceTree = "<group>";
		};
		61F2B9F82069EE0800A208D7 = {
			isa = PBXGroup;
			children = (
				61DE4EE3207772C6009B0A17 /* Cartfile */,
				61F2BA3C2069F9A500A208D7 /* GitHubSample */,
				61F2BA182069EE0800A208D7 /* GitHubSampleTests */,
				61F2BA232069EE0900A208D7 /* GitHubSampleUITests */,
				61F2BA022069EE0800A208D7 /* Products */,
				61F2BA322069F25000A208D7 /* Frameworks */,
			);
			sourceTree = "<group>";
		};
		61F2BA022069EE0800A208D7 /* Products */ = {
			isa = PBXGroup;
			children = (
				61F2BA012069EE0800A208D7 /* GitHubSample.app */,
				61F2BA152069EE0800A208D7 /* GitHubSampleTests.xctest */,
				61F2BA202069EE0900A208D7 /* GitHubSampleUITests.xctest */,
			);
			name = Products;
			sourceTree = "<group>";
		};
		61F2BA182069EE0800A208D7 /* GitHubSampleTests */ = {
			isa = PBXGroup;
			children = (
				61F2BA192069EE0800A208D7 /* GitHubSampleTests.swift */,
				61F2BA1B2069EE0800A208D7 /* Info.plist */,
			);
			path = GitHubSampleTests;
			sourceTree = "<group>";
		};
		61F2BA232069EE0900A208D7 /* GitHubSampleUITests */ = {
			isa = PBXGroup;
			children = (
				61F2BA242069EE0900A208D7 /* GitHubSampleUITests.swift */,
				61F2BA262069EE0900A208D7 /* Info.plist */,
			);
			path = GitHubSampleUITests;
			sourceTree = "<group>";
		};
		61F2BA322069F25000A208D7 /* Frameworks */ = {
			isa = PBXGroup;
			children = (
				619C779120948114004ED484 /* Differentiator.framework */,
				619C778F20948114004ED484 /* Kingfisher.framework */,
				619C779020948114004ED484 /* RxDataSources.framework */,
				61F2BA352069F25000A208D7 /* APIKit.framework */,
				61F2BA332069F25000A208D7 /* Result.framework */,
				61F2BA342069F25000A208D7 /* RxCocoa.framework */,
				61F2BA362069F25000A208D7 /* RxSwift.framework */,
			);
			name = Frameworks;
			sourceTree = "<group>";
		};
		61F2BA3C2069F9A500A208D7 /* GitHubSample */ = {
			isa = PBXGroup;
			children = (
				61F2BA3D2069F9A500A208D7 /* Resources */,
				61F2BA3F2069F9A500A208D7 /* Sources */,
				61F2BA462069F9A500A208D7 /* Info.plist */,
			);
			path = GitHubSample;
			sourceTree = "<group>";
		};
		61F2BA3D2069F9A500A208D7 /* Resources */ = {
			isa = PBXGroup;
			children = (
				61F2BA3E2069F9A500A208D7 /* Assets.xcassets */,
				61F2BA502069FAFF00A208D7 /* LaunchScreen.storyboard */,
			);
			path = Resources;
			sourceTree = "<group>";
		};
		61F2BA3F2069F9A500A208D7 /* Sources */ = {
			isa = PBXGroup;
			children = (
				61F2BA432069F9A500A208D7 /* AppDelegate.swift */,
				61F2BA442069F9A500A208D7 /* Controllers */,
				61F2BA452069F9A500A208D7 /* Views */,
				61F2BA422069F9A500A208D7 /* API */,
				61F2BA402069F9A500A208D7 /* Models */,
				61F2BA412069F9A500A208D7 /* Extensions */,
				61DE4EDC207725EE009B0A17 /* Utilities */,
			);
			path = Sources;
			sourceTree = "<group>";
		};
		61F2BA402069F9A500A208D7 /* Models */ = {
			isa = PBXGroup;
			children = (
				61F2BA5B2069FEA000A208D7 /* Repository.swift */,
			);
			path = Models;
			sourceTree = "<group>";
		};
		61F2BA412069F9A500A208D7 /* Extensions */ = {
			isa = PBXGroup;
			children = (
				611876CE208EF27E00A0B45F /* NSObjectProtocolExtension.swift */,
				61F2BA63206A5C2A00A208D7 /* SessionExtension.swift */,
				61DE4EDF207741BC009B0A17 /* OptionalExtension.swift */,
				61DE4EE12077425C009B0A17 /* ObservableExtension.swift */,
				61F51461208C68EA00A2A0AE /* UIColorExtension.swift */,
				611876CA208EF06600A0B45F /* UITableViewExtension.swift */,
			);
			path = Extensions;
			sourceTree = "<group>";
		};
		61F2BA422069F9A500A208D7 /* API */ = {
			isa = PBXGroup;
			children = (
				61F2BA522069FDB800A208D7 /* Core */,
				61F2BA532069FDB800A208D7 /* Request */,
				61F2BA542069FDB800A208D7 /* Response */,
			);
			path = API;
			sourceTree = "<group>";
		};
		61F2BA442069F9A500A208D7 /* Controllers */ = {
			isa = PBXGroup;
			children = (
				61F2BA4A2069FA6B00A208D7 /* SearchRepository */,
			);
			path = Controllers;
			sourceTree = "<group>";
		};
		61F2BA452069F9A500A208D7 /* Views */ = {
			isa = PBXGroup;
			children = (
				61F2BA4B2069FA7300A208D7 /* SearchRepository */,
				611876D0208EF33E00A0B45F /* Nibable.swift */,
				611876D2208F53E200A0B45F /* Reusable.swift */,
				611876D4208F550800A0B45F /* CellNibable.swift */,
			);
			path = Views;
			sourceTree = "<group>";
		};
		61F2BA4A2069FA6B00A208D7 /* SearchRepository */ = {
			isa = PBXGroup;
			children = (
				61F2BA4E2069FAAC00A208D7 /* SearchRepositoryViewController.storyboard */,
				61F2BA4C2069FA9800A208D7 /* SearchRepositoryViewController.swift */,
				611876C8208EE86000A0B45F /* SearchRepositoryViewDataSource.swift */,
				613885DB206BD47E004B7C56 /* SearchRepositoryViewModel.swift */,
			);
			path = SearchRepository;
			sourceTree = "<group>";
		};
		61F2BA4B2069FA7300A208D7 /* SearchRepository */ = {
			isa = PBXGroup;
			children = (
				613885D7206BD449004B7C56 /* SearchRepositoryBar.swift */,
				612CA15F208470B90030683F /* SearchRepositoryCell.xib */,
				612CA15D208470990030683F /* SearchRepositoryCell.swift */,
			);
			path = SearchRepository;
			sourceTree = "<group>";
		};
		61F2BA522069FDB800A208D7 /* Core */ = {
			isa = PBXGroup;
			children = (
				61F2BA5D206A393E00A208D7 /* GitHubAPI.swift */,
				61F2BA592069FE4400A208D7 /* DecodableDataParser.swift */,
			);
			path = Core;
			sourceTree = "<group>";
		};
		61F2BA532069FDB800A208D7 /* Request */ = {
			isa = PBXGroup;
			children = (
				61F2BA61206A42CF00A208D7 /* GitHubRequest.swift */,
			);
			path = Request;
			sourceTree = "<group>";
		};
		61F2BA542069FDB800A208D7 /* Response */ = {
			isa = PBXGroup;
			children = (
				61F2BA5F206A429A00A208D7 /* SearchRepositoriesResponse.swift */,
			);
			path = Response;
			sourceTree = "<group>";
		};
/* End PBXGroup section */

/* Begin PBXNativeTarget section */
		61F2BA002069EE0800A208D7 /* GitHubSample */ = {
			isa = PBXNativeTarget;
			buildConfigurationList = 61F2BA292069EE0900A208D7 /* Build configuration list for PBXNativeTarget "GitHubSample" */;
			buildPhases = (
				61F2B9FD2069EE0800A208D7 /* Sources */,
				61F2B9FE2069EE0800A208D7 /* Frameworks */,
				61F2B9FF2069EE0800A208D7 /* Resources */,
				61F2BA3B2069F25700A208D7 /* Carthage copy-frameworks */,
			);
			buildRules = (
			);
			dependencies = (
			);
			name = GitHubSample;
			productName = GitHubSample;
			productReference = 61F2BA012069EE0800A208D7 /* GitHubSample.app */;
			productType = "com.apple.product-type.application";
		};
		61F2BA142069EE0800A208D7 /* GitHubSampleTests */ = {
			isa = PBXNativeTarget;
			buildConfigurationList = 61F2BA2C2069EE0900A208D7 /* Build configuration list for PBXNativeTarget "GitHubSampleTests" */;
			buildPhases = (
				61F2BA112069EE0800A208D7 /* Sources */,
				61F2BA122069EE0800A208D7 /* Frameworks */,
				61F2BA132069EE0800A208D7 /* Resources */,
			);
			buildRules = (
			);
			dependencies = (
				61F2BA172069EE0800A208D7 /* PBXTargetDependency */,
			);
			name = GitHubSampleTests;
			productName = GitHubSampleTests;
			productReference = 61F2BA152069EE0800A208D7 /* GitHubSampleTests.xctest */;
			productType = "com.apple.product-type.bundle.unit-test";
		};
		61F2BA1F2069EE0900A208D7 /* GitHubSampleUITests */ = {
			isa = PBXNativeTarget;
			buildConfigurationList = 61F2BA2F2069EE0900A208D7 /* Build configuration list for PBXNativeTarget "GitHubSampleUITests" */;
			buildPhases = (
				61F2BA1C2069EE0900A208D7 /* Sources */,
				61F2BA1D2069EE0900A208D7 /* Frameworks */,
				61F2BA1E2069EE0900A208D7 /* Resources */,
			);
			buildRules = (
			);
			dependencies = (
				61F2BA222069EE0900A208D7 /* PBXTargetDependency */,
			);
			name = GitHubSampleUITests;
			productName = GitHubSampleUITests;
			productReference = 61F2BA202069EE0900A208D7 /* GitHubSampleUITests.xctest */;
			productType = "com.apple.product-type.bundle.ui-testing";
		};
/* End PBXNativeTarget section */

/* Begin PBXProject section */
		61F2B9F92069EE0800A208D7 /* Project object */ = {
			isa = PBXProject;
			attributes = {
				LastSwiftUpdateCheck = 0920;
				LastUpgradeCheck = 0930;
				ORGANIZATIONNAME = "Takuma Horiuchi";
				TargetAttributes = {
					61F2BA002069EE0800A208D7 = {
						CreatedOnToolsVersion = 9.2;
						ProvisioningStyle = Automatic;
					};
					61F2BA142069EE0800A208D7 = {
						CreatedOnToolsVersion = 9.2;
						ProvisioningStyle = Automatic;
						TestTargetID = 61F2BA002069EE0800A208D7;
					};
					61F2BA1F2069EE0900A208D7 = {
						CreatedOnToolsVersion = 9.2;
						ProvisioningStyle = Automatic;
						TestTargetID = 61F2BA002069EE0800A208D7;
					};
				};
			};
			buildConfigurationList = 61F2B9FC2069EE0800A208D7 /* Build configuration list for PBXProject "GitHubSample" */;
			compatibilityVersion = "Xcode 8.0";
			developmentRegion = en;
			hasScannedForEncodings = 0;
			knownRegions = (
				en,
				Base,
			);
			mainGroup = 61F2B9F82069EE0800A208D7;
			productRefGroup = 61F2BA022069EE0800A208D7 /* Products */;
			projectDirPath = "";
			projectRoot = "";
			targets = (
				61F2BA002069EE0800A208D7 /* GitHubSample */,
				61F2BA142069EE0800A208D7 /* GitHubSampleTests */,
				61F2BA1F2069EE0900A208D7 /* GitHubSampleUITests */,
			);
		};
/* End PBXProject section */

/* Begin PBXResourcesBuildPhase section */
		61F2B9FF2069EE0800A208D7 /* Resources */ = {
			isa = PBXResourcesBuildPhase;
			buildActionMask = 2147483647;
			files = (
				61F2BA512069FAFF00A208D7 /* LaunchScreen.storyboard in Resources */,
				61F2BA472069F9A500A208D7 /* Assets.xcassets in Resources */,
				612CA160208470B90030683F /* SearchRepositoryCell.xib in Resources */,
				61DE4EE4207772C6009B0A17 /* Cartfile in Resources */,
				61F2BA4F2069FAAC00A208D7 /* SearchRepositoryViewController.storyboard in Resources */,
			);
			runOnlyForDeploymentPostprocessing = 0;
		};
		61F2BA132069EE0800A208D7 /* Resources */ = {
			isa = PBXResourcesBuildPhase;
			buildActionMask = 2147483647;
			files = (
			);
			runOnlyForDeploymentPostprocessing = 0;
		};
		61F2BA1E2069EE0900A208D7 /* Resources */ = {
			isa = PBXResourcesBuildPhase;
			buildActionMask = 2147483647;
			files = (
			);
			runOnlyForDeploymentPostprocessing = 0;
		};
/* End PBXResourcesBuildPhase section */

/* Begin PBXShellScriptBuildPhase section */
		61F2BA3B2069F25700A208D7 /* Carthage copy-frameworks */ = {
			isa = PBXShellScriptBuildPhase;
			buildActionMask = 2147483647;
			files = (
			);
			inputPaths = (
				"$(SRCROOT)/Carthage/Build/iOS/APIKit.framework",
				"$(SRCROOT)/Carthage/Build/iOS/Result.framework",
				"$(SRCROOT)/Carthage/Build/iOS/RxCocoa.framework",
				"$(SRCROOT)/Carthage/Build/iOS/RxSwift.framework",
				"$(SRCROOT)/Carthage/Build/iOS/RxDataSources.framework",
				"$(SRCROOT)/Carthage/Build/iOS/Differentiator.framework",
				"$(SRCROOT)/Carthage/Build/iOS/Kingfisher.framework",
			);
			name = "Carthage copy-frameworks";
			outputPaths = (
			);
			runOnlyForDeploymentPostprocessing = 0;
			shellPath = /bin/sh;
			shellScript = "/usr/local/bin/carthage copy-frameworks";
		};
/* End PBXShellScriptBuildPhase section */

/* Begin PBXSourcesBuildPhase section */
		61F2B9FD2069EE0800A208D7 /* Sources */ = {
			isa = PBXSourcesBuildPhase;
			buildActionMask = 2147483647;
			files = (
				611876D5208F550800A0B45F /* CellNibable.swift in Sources */,
				61F2BA4D2069FA9800A208D7 /* SearchRepositoryViewController.swift in Sources */,
				61DE4EE22077425C009B0A17 /* ObservableExtension.swift in Sources */,
				61F51462208C68EA00A2A0AE /* UIColorExtension.swift in Sources */,
				611876CF208EF27E00A0B45F /* NSObjectProtocolExtension.swift in Sources */,
				611876D3208F53E200A0B45F /* Reusable.swift in Sources */,
				613885D8206BD449004B7C56 /* SearchRepositoryBar.swift in Sources */,
				61DE4EDE2077262E009B0A17 /* KeyboardObserver.swift in Sources */,
				61F2BA60206A429A00A208D7 /* SearchRepositoriesResponse.swift in Sources */,
				612CA15E208470990030683F /* SearchRepositoryCell.swift in Sources */,
				61F2BA64206A5C2A00A208D7 /* SessionExtension.swift in Sources */,
				611876CB208EF06600A0B45F /* UITableViewExtension.swift in Sources */,
				611876C9208EE86000A0B45F /* SearchRepositoryViewDataSource.swift in Sources */,
				611876D1208EF33E00A0B45F /* Nibable.swift in Sources */,
				61F2BA5E206A393E00A208D7 /* GitHubAPI.swift in Sources */,
				61F2BA5A2069FE4400A208D7 /* DecodableDataParser.swift in Sources */,
				61F2BA62206A42CF00A208D7 /* GitHubRequest.swift in Sources */,
				61F2BA482069F9A500A208D7 /* AppDelegate.swift in Sources */,
				61DE4EE0207741BC009B0A17 /* OptionalExtension.swift in Sources */,
				61F2BA5C2069FEA000A208D7 /* Repository.swift in Sources */,
				613885DC206BD47E004B7C56 /* SearchRepositoryViewModel.swift in Sources */,
			);
			runOnlyForDeploymentPostprocessing = 0;
		};
		61F2BA112069EE0800A208D7 /* Sources */ = {
			isa = PBXSourcesBuildPhase;
			buildActionMask = 2147483647;
			files = (
				61F2BA1A2069EE0800A208D7 /* GitHubSampleTests.swift in Sources */,
			);
			runOnlyForDeploymentPostprocessing = 0;
		};
		61F2BA1C2069EE0900A208D7 /* Sources */ = {
			isa = PBXSourcesBuildPhase;
			buildActionMask = 2147483647;
			files = (
				61F2BA252069EE0900A208D7 /* GitHubSampleUITests.swift in Sources */,
			);
			runOnlyForDeploymentPostprocessing = 0;
		};
/* End PBXSourcesBuildPhase section */

/* Begin PBXTargetDependency section */
		61F2BA172069EE0800A208D7 /* PBXTargetDependency */ = {
			isa = PBXTargetDependency;
			target = 61F2BA002069EE0800A208D7 /* GitHubSample */;
			targetProxy = 61F2BA162069EE0800A208D7 /* PBXContainerItemProxy */;
		};
		61F2BA222069EE0900A208D7 /* PBXTargetDependency */ = {
			isa = PBXTargetDependency;
			target = 61F2BA002069EE0800A208D7 /* GitHubSample */;
			targetProxy = 61F2BA212069EE0900A208D7 /* PBXContainerItemProxy */;
		};
/* End PBXTargetDependency section */

/* Begin XCBuildConfiguration section */
		61F2BA272069EE0900A208D7 /* Debug */ = {
			isa = XCBuildConfiguration;
			buildSettings = {
				ALWAYS_SEARCH_USER_PATHS = NO;
				CLANG_ANALYZER_NONNULL = YES;
				CLANG_ANALYZER_NUMBER_OBJECT_CONVERSION = YES_AGGRESSIVE;
				CLANG_CXX_LANGUAGE_STANDARD = "gnu++14";
				CLANG_CXX_LIBRARY = "libc++";
				CLANG_ENABLE_MODULES = YES;
				CLANG_ENABLE_OBJC_ARC = YES;
				CLANG_WARN_BLOCK_CAPTURE_AUTORELEASING = YES;
				CLANG_WARN_BOOL_CONVERSION = YES;
				CLANG_WARN_COMMA = YES;
				CLANG_WARN_CONSTANT_CONVERSION = YES;
				CLANG_WARN_DEPRECATED_OBJC_IMPLEMENTATIONS = YES;
				CLANG_WARN_DIRECT_OBJC_ISA_USAGE = YES_ERROR;
				CLANG_WARN_DOCUMENTATION_COMMENTS = YES;
				CLANG_WARN_EMPTY_BODY = YES;
				CLANG_WARN_ENUM_CONVERSION = YES;
				CLANG_WARN_INFINITE_RECURSION = YES;
				CLANG_WARN_INT_CONVERSION = YES;
				CLANG_WARN_NON_LITERAL_NULL_CONVERSION = YES;
				CLANG_WARN_OBJC_IMPLICIT_RETAIN_SELF = YES;
				CLANG_WARN_OBJC_LITERAL_CONVERSION = YES;
				CLANG_WARN_OBJC_ROOT_CLASS = YES_ERROR;
				CLANG_WARN_RANGE_LOOP_ANALYSIS = YES;
				CLANG_WARN_STRICT_PROTOTYPES = YES;
				CLANG_WARN_SUSPICIOUS_MOVE = YES;
				CLANG_WARN_UNGUARDED_AVAILABILITY = YES_AGGRESSIVE;
				CLANG_WARN_UNREACHABLE_CODE = YES;
				CLANG_WARN__DUPLICATE_METHOD_MATCH = YES;
				CODE_SIGN_IDENTITY = "iPhone Developer";
				COPY_PHASE_STRIP = NO;
				DEBUG_INFORMATION_FORMAT = dwarf;
				ENABLE_STRICT_OBJC_MSGSEND = YES;
				ENABLE_TESTABILITY = YES;
				GCC_C_LANGUAGE_STANDARD = gnu11;
				GCC_DYNAMIC_NO_PIC = NO;
				GCC_NO_COMMON_BLOCKS = YES;
				GCC_OPTIMIZATION_LEVEL = 0;
				GCC_PREPROCESSOR_DEFINITIONS = (
					"DEBUG=1",
					"$(inherited)",
				);
				GCC_WARN_64_TO_32_BIT_CONVERSION = YES;
				GCC_WARN_ABOUT_RETURN_TYPE = YES_ERROR;
				GCC_WARN_UNDECLARED_SELECTOR = YES;
				GCC_WARN_UNINITIALIZED_AUTOS = YES_AGGRESSIVE;
				GCC_WARN_UNUSED_FUNCTION = YES;
				GCC_WARN_UNUSED_VARIABLE = YES;
				IPHONEOS_DEPLOYMENT_TARGET = 11.2;
				MTL_ENABLE_DEBUG_INFO = YES;
				ONLY_ACTIVE_ARCH = YES;
				SDKROOT = iphoneos;
				SWIFT_ACTIVE_COMPILATION_CONDITIONS = DEBUG;
				SWIFT_OPTIMIZATION_LEVEL = "-Onone";
			};
			name = Debug;
		};
		61F2BA282069EE0900A208D7 /* Release */ = {
			isa = XCBuildConfiguration;
			buildSettings = {
				ALWAYS_SEARCH_USER_PATHS = NO;
				CLANG_ANALYZER_NONNULL = YES;
				CLANG_ANALYZER_NUMBER_OBJECT_CONVERSION = YES_AGGRESSIVE;
				CLANG_CXX_LANGUAGE_STANDARD = "gnu++14";
				CLANG_CXX_LIBRARY = "libc++";
				CLANG_ENABLE_MODULES = YES;
				CLANG_ENABLE_OBJC_ARC = YES;
				CLANG_WARN_BLOCK_CAPTURE_AUTORELEASING = YES;
				CLANG_WARN_BOOL_CONVERSION = YES;
				CLANG_WARN_COMMA = YES;
				CLANG_WARN_CONSTANT_CONVERSION = YES;
				CLANG_WARN_DEPRECATED_OBJC_IMPLEMENTATIONS = YES;
				CLANG_WARN_DIRECT_OBJC_ISA_USAGE = YES_ERROR;
				CLANG_WARN_DOCUMENTATION_COMMENTS = YES;
				CLANG_WARN_EMPTY_BODY = YES;
				CLANG_WARN_ENUM_CONVERSION = YES;
				CLANG_WARN_INFINITE_RECURSION = YES;
				CLANG_WARN_INT_CONVERSION = YES;
				CLANG_WARN_NON_LITERAL_NULL_CONVERSION = YES;
				CLANG_WARN_OBJC_IMPLICIT_RETAIN_SELF = YES;
				CLANG_WARN_OBJC_LITERAL_CONVERSION = YES;
				CLANG_WARN_OBJC_ROOT_CLASS = YES_ERROR;
				CLANG_WARN_RANGE_LOOP_ANALYSIS = YES;
				CLANG_WARN_STRICT_PROTOTYPES = YES;
				CLANG_WARN_SUSPICIOUS_MOVE = YES;
				CLANG_WARN_UNGUARDED_AVAILABILITY = YES_AGGRESSIVE;
				CLANG_WARN_UNREACHABLE_CODE = YES;
				CLANG_WARN__DUPLICATE_METHOD_MATCH = YES;
				CODE_SIGN_IDENTITY = "iPhone Developer";
				COPY_PHASE_STRIP = NO;
				DEBUG_INFORMATION_FORMAT = "dwarf-with-dsym";
				ENABLE_NS_ASSERTIONS = NO;
				ENABLE_STRICT_OBJC_MSGSEND = YES;
				GCC_C_LANGUAGE_STANDARD = gnu11;
				GCC_NO_COMMON_BLOCKS = YES;
				GCC_WARN_64_TO_32_BIT_CONVERSION = YES;
				GCC_WARN_ABOUT_RETURN_TYPE = YES_ERROR;
				GCC_WARN_UNDECLARED_SELECTOR = YES;
				GCC_WARN_UNINITIALIZED_AUTOS = YES_AGGRESSIVE;
				GCC_WARN_UNUSED_FUNCTION = YES;
				GCC_WARN_UNUSED_VARIABLE = YES;
				IPHONEOS_DEPLOYMENT_TARGET = 11.2;
				MTL_ENABLE_DEBUG_INFO = NO;
				SDKROOT = iphoneos;
				SWIFT_OPTIMIZATION_LEVEL = "-Owholemodule";
				VALIDATE_PRODUCT = YES;
			};
			name = Release;
		};
		61F2BA2A2069EE0900A208D7 /* Debug */ = {
			isa = XCBuildConfiguration;
			buildSettings = {
				ASSETCATALOG_COMPILER_APPICON_NAME = AppIcon;
				CODE_SIGN_STYLE = Automatic;
				DEVELOPMENT_TEAM = 4ZJ5LV82G2;
				FRAMEWORK_SEARCH_PATHS = (
					"$(inherited)",
					"$(PROJECT_DIR)/Carthage/Build/iOS",
				);
				INFOPLIST_FILE = GitHubSample/Info.plist;
				IPHONEOS_DEPLOYMENT_TARGET = 10.0;
				LD_RUNPATH_SEARCH_PATHS = "$(inherited) @executable_path/Frameworks";
				PRODUCT_BUNDLE_IDENTIFIER = TakumaHoriuchi.GitHubSample;
				PRODUCT_NAME = "$(TARGET_NAME)";
				SWIFT_VERSION = 4.0;
				TARGETED_DEVICE_FAMILY = "1,2";
			};
			name = Debug;
		};
		61F2BA2B2069EE0900A208D7 /* Release */ = {
			isa = XCBuildConfiguration;
			buildSettings = {
				ASSETCATALOG_COMPILER_APPICON_NAME = AppIcon;
				CODE_SIGN_STYLE = Automatic;
				DEVELOPMENT_TEAM = 4ZJ5LV82G2;
				FRAMEWORK_SEARCH_PATHS = (
					"$(inherited)",
					"$(PROJECT_DIR)/Carthage/Build/iOS",
				);
				INFOPLIST_FILE = GitHubSample/Info.plist;
				IPHONEOS_DEPLOYMENT_TARGET = 10.0;
				LD_RUNPATH_SEARCH_PATHS = "$(inherited) @executable_path/Frameworks";
				PRODUCT_BUNDLE_IDENTIFIER = TakumaHoriuchi.GitHubSample;
				PRODUCT_NAME = "$(TARGET_NAME)";
				SWIFT_VERSION = 4.0;
				TARGETED_DEVICE_FAMILY = "1,2";
			};
			name = Release;
		};
		61F2BA2D2069EE0900A208D7 /* Debug */ = {
			isa = XCBuildConfiguration;
			buildSettings = {
				ALWAYS_EMBED_SWIFT_STANDARD_LIBRARIES = YES;
				BUNDLE_LOADER = "$(TEST_HOST)";
				CODE_SIGN_STYLE = Automatic;
				DEVELOPMENT_TEAM = 4ZJ5LV82G2;
				INFOPLIST_FILE = GitHubSampleTests/Info.plist;
				LD_RUNPATH_SEARCH_PATHS = "$(inherited) @executable_path/Frameworks @loader_path/Frameworks";
				PRODUCT_BUNDLE_IDENTIFIER = TakumaHoriuchi.GitHubSampleTests;
				PRODUCT_NAME = "$(TARGET_NAME)";
				SWIFT_VERSION = 4.0;
				TARGETED_DEVICE_FAMILY = "1,2";
				TEST_HOST = "$(BUILT_PRODUCTS_DIR)/GitHubSample.app/GitHubSample";
			};
			name = Debug;
		};
		61F2BA2E2069EE0900A208D7 /* Release */ = {
			isa = XCBuildConfiguration;
			buildSettings = {
				ALWAYS_EMBED_SWIFT_STANDARD_LIBRARIES = YES;
				BUNDLE_LOADER = "$(TEST_HOST)";
				CODE_SIGN_STYLE = Automatic;
				DEVELOPMENT_TEAM = 4ZJ5LV82G2;
				INFOPLIST_FILE = GitHubSampleTests/Info.plist;
				LD_RUNPATH_SEARCH_PATHS = "$(inherited) @executable_path/Frameworks @loader_path/Frameworks";
				PRODUCT_BUNDLE_IDENTIFIER = TakumaHoriuchi.GitHubSampleTests;
				PRODUCT_NAME = "$(TARGET_NAME)";
				SWIFT_VERSION = 4.0;
				TARGETED_DEVICE_FAMILY = "1,2";
				TEST_HOST = "$(BUILT_PRODUCTS_DIR)/GitHubSample.app/GitHubSample";
			};
			name = Release;
		};
		61F2BA302069EE0900A208D7 /* Debug */ = {
			isa = XCBuildConfiguration;
			buildSettings = {
				ALWAYS_EMBED_SWIFT_STANDARD_LIBRARIES = YES;
				CODE_SIGN_STYLE = Automatic;
				DEVELOPMENT_TEAM = 4ZJ5LV82G2;
				INFOPLIST_FILE = GitHubSampleUITests/Info.plist;
				LD_RUNPATH_SEARCH_PATHS = "$(inherited) @executable_path/Frameworks @loader_path/Frameworks";
				PRODUCT_BUNDLE_IDENTIFIER = TakumaHoriuchi.GitHubSampleUITests;
				PRODUCT_NAME = "$(TARGET_NAME)";
				SWIFT_VERSION = 4.0;
				TARGETED_DEVICE_FAMILY = "1,2";
				TEST_TARGET_NAME = GitHubSample;
			};
			name = Debug;
		};
		61F2BA312069EE0900A208D7 /* Release */ = {
			isa = XCBuildConfiguration;
			buildSettings = {
				ALWAYS_EMBED_SWIFT_STANDARD_LIBRARIES = YES;
				CODE_SIGN_STYLE = Automatic;
				DEVELOPMENT_TEAM = 4ZJ5LV82G2;
				INFOPLIST_FILE = GitHubSampleUITests/Info.plist;
				LD_RUNPATH_SEARCH_PATHS = "$(inherited) @executable_path/Frameworks @loader_path/Frameworks";
				PRODUCT_BUNDLE_IDENTIFIER = TakumaHoriuchi.GitHubSampleUITests;
				PRODUCT_NAME = "$(TARGET_NAME)";
				SWIFT_VERSION = 4.0;
				TARGETED_DEVICE_FAMILY = "1,2";
				TEST_TARGET_NAME = GitHubSample;
			};
			name = Release;
		};
/* End XCBuildConfiguration section */

/* Begin XCConfigurationList section */
		61F2B9FC2069EE0800A208D7 /* Build configuration list for PBXProject "GitHubSample" */ = {
			isa = XCConfigurationList;
			buildConfigurations = (
				61F2BA272069EE0900A208D7 /* Debug */,
				61F2BA282069EE0900A208D7 /* Release */,
			);
			defaultConfigurationIsVisible = 0;
			defaultConfigurationName = Release;
		};
		61F2BA292069EE0900A208D7 /* Build configuration list for PBXNativeTarget "GitHubSample" */ = {
			isa = XCConfigurationList;
			buildConfigurations = (
				61F2BA2A2069EE0900A208D7 /* Debug */,
				61F2BA2B2069EE0900A208D7 /* Release */,
			);
			defaultConfigurationIsVisible = 0;
			defaultConfigurationName = Release;
		};
		61F2BA2C2069EE0900A208D7 /* Build configuration list for PBXNativeTarget "GitHubSampleTests" */ = {
			isa = XCConfigurationList;
			buildConfigurations = (
				61F2BA2D2069EE0900A208D7 /* Debug */,
				61F2BA2E2069EE0900A208D7 /* Release */,
			);
			defaultConfigurationIsVisible = 0;
			defaultConfigurationName = Release;
		};
		61F2BA2F2069EE0900A208D7 /* Build configuration list for PBXNativeTarget "GitHubSampleUITests" */ = {
			isa = XCConfigurationList;
			buildConfigurations = (
				61F2BA302069EE0900A208D7 /* Debug */,
				61F2BA312069EE0900A208D7 /* Release */,
			);
			defaultConfigurationIsVisible = 0;
			defaultConfigurationName = Release;
		};
/* End XCConfigurationList section */
	};
	rootObject = 61F2B9F92069EE0800A208D7 /* Project object */;
}
